
Microsoft Visual Studio Solution File, Format Version 12.00
# Visual Studio 15
VisualStudioVersion = 15.0.28307.168
MinimumVisualStudioVersion = 10.0.40219.1
Project("{9A19103F-16F7-4668-BE54-9A1E7A4F7556}") = "WAES.UI.Test.Scenarios", "WAES.UI.Test.Scenarios\WAES.UI.Test.Scenarios.csproj", "{B267D4A1-D73D-4EAD-A49B-5B2E2DF688A0}"
EndProject
Project("{9A19103F-16F7-4668-BE54-9A1E7A4F7556}") = "WAES.UI.Pages", "WAES.UI.Pages\WAES.UI.Pages.csproj", "{4C51FBB3-7D20-4F85-BF21-C03E465934B9}"
EndProject
Project("{9A19103F-16F7-4668-BE54-9A1E7A4F7556}") = "WAES.UI.Core.Browser", "WAES.UI.Core\WAES.UI.Core.Browser.csproj", "{4CE75E5A-A9A7-4BDB-A878-AA27E125AFF0}"
EndProject
Project("{9A19103F-16F7-4668-BE54-9A1E7A4F7556}") = "WAES.UI.Core.Element", "WAES.UI.Core.Element\WAES.UI.Core.Element.csproj", "{8B554011-5B82-4026-BB6F-1E5CE1291C1E}"
EndProject
Global
	GlobalSection(SolutionConfigurationPlatforms) = preSolution
		Debug|Any CPU = Debug|Any CPU
		Release|Any CPU = Release|Any CPU
	EndGlobalSection
	GlobalSection(ProjectConfigurationPlatforms) = postSolution
		{B267D4A1-D73D-4EAD-A49B-5B2E2DF688A0}.Debug|Any CPU.ActiveCfg = Debug|Any CPU
		{B267D4A1-D73D-4EAD-A49B-5B2E2DF688A0}.Debug|Any CPU.Build.0 = Debug|Any CPU
		{B267D4A1-D73D-4EAD-A49B-5B2E2DF688A0}.Release|Any CPU.ActiveCfg = Release|Any CPU
		{B267D4A1-D73D-4EAD-A49B-5B2E2DF688A0}.Release|Any CPU.Build.0 = Release|Any CPU
		{4C51FBB3-7D20-4F85-BF21-C03E465934B9}.Debug|Any CPU.ActiveCfg = Debug|Any CPU
		{4C51FBB3-7D20-4F85-BF21-C03E465934B9}.Debug|Any CPU.Build.0 = Debug|Any CPU
		{4C51FBB3-7D20-4F85-BF21-C03E465934B9}.Release|Any CPU.ActiveCfg = Release|Any CPU
		{4C51FBB3-7D20-4F85-BF21-C03E465934B9}.Release|Any CPU.Build.0 = Release|Any CPU
		{4CE75E5A-A9A7-4BDB-A878-AA27E125AFF0}.Debug|Any CPU.ActiveCfg = Debug|Any CPU
		{4CE75E5A-A9A7-4BDB-A878-AA27E125AFF0}.Debug|Any CPU.Build.0 = Debug|Any CPU
		{4CE75E5A-A9A7-4BDB-A878-AA27E125AFF0}.Release|Any CPU.ActiveCfg = Release|Any CPU
		{4CE75E5A-A9A7-4BDB-A878-AA27E125AFF0}.Release|Any CPU.Build.0 = Release|Any CPU
		{8B554011-5B82-4026-BB6F-1E5CE1291C1E}.Debug|Any CPU.ActiveCfg = Debug|Any CPU
		{8B554011-5B82-4026-BB6F-1E5CE1291C1E}.Debug|Any CPU.Build.0 = Debug|Any CPU
		{8B554011-5B82-4026-BB6F-1E5CE1291C1E}.Release|Any CPU.ActiveCfg = Release|Any CPU
		{8B554011-5B82-4026-BB6F-1E5CE1291C1E}.Release|Any CPU.Build.0 = Release|Any CPU
	EndGlobalSection
	GlobalSection(SolutionProperties) = preSolution
		HideSolutionNode = FALSE
	EndGlobalSection
	GlobalSection(ExtensibilityGlobals) = postSolution
		SolutionGuid = {2AE6CD12-916E-465A-AD26-0B1128C78D75}
	EndGlobalSection
EndGlobal
